
Microsoft Visual Studio Solution File, Format Version 12.00
# Visual Studio Version 17
VisualStudioVersion = 17.4.33110.190
MinimumVisualStudioVersion = 10.0.40219.1
Project("{FAE04EC0-301F-11D3-BF4B-00C04F79EFBC}") = "task1.1", "task1.1\task1.1.csproj", "{7ACACF78-77AC-48AC-B834-5B85AC15C87A}"
EndProject
Global
	GlobalSection(SolutionConfigurationPlatforms) = preSolution
		Debug|Any CPU = Debug|Any CPU
		Release|Any CPU = Release|Any CPU
	EndGlobalSection
	GlobalSection(ProjectConfigurationPlatforms) = postSolution
		{7ACACF78-77AC-48AC-B834-5B85AC15C87A}.Debug|Any CPU.ActiveCfg = Debug|Any CPU
		{7ACACF78-77AC-48AC-B834-5B85AC15C87A}.Debug|Any CPU.Build.0 = Debug|Any CPU
		{7ACACF78-77AC-48AC-B834-5B85AC15C87A}.Release|Any CPU.ActiveCfg = Release|Any CPU
		{7ACACF78-77AC-48AC-B834-5B85AC15C87A}.Release|Any CPU.Build.0 = Release|Any CPU
	EndGlobalSection
	GlobalSection(SolutionProperties) = preSolution
		HideSolutionNode = FALSE
	EndGlobalSection
	GlobalSection(ExtensibilityGlobals) = postSolution
		SolutionGuid = {7F450055-D40B-45A5-8166-204A4F959731}
	EndGlobalSection
EndGlobal
